schema: '2.0'
stages:
  data_ingestion:
    cmd: python src/data_ingestion.py
    deps:
    - path: src/data_ingestion.py
      hash: md5
      md5: c7f724ecca7ee7a12bd624c90bd5e96d
      size: 3365
    outs:
    - path: artifacts/raw/Images/
      hash: md5
      md5: c0e9e54ca76e56edb2a5587daba98d16.dir
      size: 2435540
      nfiles: 333
    - path: artifacts/raw/Labels/
      hash: md5
      md5: fcc5c8e9eb27d94a6aae879f0b2e5b00.dir
      size: 6651
      nfiles: 333
  model_training:
    cmd: python src/model_training.py
    deps:
    - path: artifacts/raw/Images/
      hash: md5
      md5: c0e9e54ca76e56edb2a5587daba98d16.dir
      size: 2435540
      nfiles: 333
    - path: artifacts/raw/Labels/
      hash: md5
      md5: fcc5c8e9eb27d94a6aae879f0b2e5b00.dir
      size: 6651
      nfiles: 333
    - path: src/model_training.py
      hash: md5
      md5: d25ad4b6dc455ff714220a3d63cdc396
      size: 5309
    outs:
    - path: artifacts/models/fasterrcnn.pth
      hash: md5
      md5: 62b7862e01fb9856807241c39fc0274d
      size: 165724408
